
Microsoft Visual Studio Solution File, Format Version 12.00
# Visual Studio Version 17
VisualStudioVersion = 17.9.34616.47
MinimumVisualStudioVersion = 10.0.40219.1
Project("{8BC9CEB8-8B4A-11D0-8D11-00A0C91BC942}") = "paradigmaOOP1_0155", "paradigmaOOP1_0155\paradigmaOOP1_0155.vcxproj", "{CEC2223F-47DA-474A-8A3B-3663D87F80F2}"
EndProject
Project("{8BC9CEB8-8B4A-11D0-8D11-00A0C91BC942}") = "Composition", "Composition\Composition.vcxproj", "{945CFAB4-57FE-4DB6-92E0-8414513B6A92}"
EndProject
Project("{8BC9CEB8-8B4A-11D0-8D11-00A0C91BC942}") = "Agregasi", "Agregasi\Agregasi.vcxproj", "{492FFC2D-8D7C-402B-A49A-B21E8183E414}"
EndProject
Project("{8BC9CEB8-8B4A-11D0-8D11-00A0C91BC942}") = "Asosiasi", "Asosiasi\Asosiasi.vcxproj", "{874D6935-FDEB-4899-B09C-6E2F49A3526E}"
EndProject
Global
	GlobalSection(SolutionConfigurationPlatforms) = preSolution
		Debug|x64 = Debug|x64
		Debug|x86 = Debug|x86
		Release|x64 = Release|x64
		Release|x86 = Release|x86
	EndGlobalSection
	GlobalSection(ProjectConfigurationPlatforms) = postSolution
		{CEC2223F-47DA-474A-8A3B-3663D87F80F2}.Debug|x64.ActiveCfg = Debug|x64
		{CEC2223F-47DA-474A-8A3B-3663D87F80F2}.Debug|x64.Build.0 = Debug|x64
		{CEC2223F-47DA-474A-8A3B-3663D87F80F2}.Debug|x86.ActiveCfg = Debug|Win32
		{CEC2223F-47DA-474A-8A3B-3663D87F80F2}.Debug|x86.Build.0 = Debug|Win32
		{CEC2223F-47DA-474A-8A3B-3663D87F80F2}.Release|x64.ActiveCfg = Release|x64
		{CEC2223F-47DA-474A-8A3B-3663D87F80F2}.Release|x64.Build.0 = Release|x64
		{CEC2223F-47DA-474A-8A3B-3663D87F80F2}.Release|x86.ActiveCfg = Release|Win32
		{CEC2223F-47DA-474A-8A3B-3663D87F80F2}.Release|x86.Build.0 = Release|Win32
		{945CFAB4-57FE-4DB6-92E0-8414513B6A92}.Debug|x64.ActiveCfg = Debug|x64
		{945CFAB4-57FE-4DB6-92E0-8414513B6A92}.Debug|x64.Build.0 = Debug|x64
		{945CFAB4-57FE-4DB6-92E0-8414513B6A92}.Debug|x86.ActiveCfg = Debug|Win32
		{945CFAB4-57FE-4DB6-92E0-8414513B6A92}.Debug|x86.Build.0 = Debug|Win32
		{945CFAB4-57FE-4DB6-92E0-8414513B6A92}.Release|x64.ActiveCfg = Release|x64
		{945CFAB4-57FE-4DB6-92E0-8414513B6A92}.Release|x64.Build.0 = Release|x64
		{945CFAB4-57FE-4DB6-92E0-8414513B6A92}.Release|x86.ActiveCfg = Release|Win32
		{945CFAB4-57FE-4DB6-92E0-8414513B6A92}.Release|x86.Build.0 = Release|Win32
		{492FFC2D-8D7C-402B-A49A-B21E8183E414}.Debug|x64.ActiveCfg = Debug|x64
		{492FFC2D-8D7C-402B-A49A-B21E8183E414}.Debug|x64.Build.0 = Debug|x64
		{492FFC2D-8D7C-402B-A49A-B21E8183E414}.Debug|x86.ActiveCfg = Debug|Win32
		{492FFC2D-8D7C-402B-A49A-B21E8183E414}.Debug|x86.Build.0 = Debug|Win32
		{492FFC2D-8D7C-402B-A49A-B21E8183E414}.Release|x64.ActiveCfg = Release|x64
		{492FFC2D-8D7C-402B-A49A-B21E8183E414}.Release|x64.Build.0 = Release|x64
		{492FFC2D-8D7C-402B-A49A-B21E8183E414}.Release|x86.ActiveCfg = Release|Win32
		{492FFC2D-8D7C-402B-A49A-B21E8183E414}.Release|x86.Build.0 = Release|Win32
		{874D6935-FDEB-4899-B09C-6E2F49A3526E}.Debug|x64.ActiveCfg = Debug|x64
		{874D6935-FDEB-4899-B09C-6E2F49A3526E}.Debug|x64.Build.0 = Debug|x64
		{874D6935-FDEB-4899-B09C-6E2F49A3526E}.Debug|x86.ActiveCfg = Debug|Win32
		{874D6935-FDEB-4899-B09C-6E2F49A3526E}.Debug|x86.Build.0 = Debug|Win32
		{874D6935-FDEB-4899-B09C-6E2F49A3526E}.Release|x64.ActiveCfg = Release|x64
		{874D6935-FDEB-4899-B09C-6E2F49A3526E}.Release|x64.Build.0 = Release|x64
		{874D6935-FDEB-4899-B09C-6E2F49A3526E}.Release|x86.ActiveCfg = Release|Win32
		{874D6935-FDEB-4899-B09C-6E2F49A3526E}.Release|x86.Build.0 = Release|Win32
	EndGlobalSection
	GlobalSection(SolutionProperties) = preSolution
		HideSolutionNode = FALSE
	EndGlobalSection
	GlobalSection(ExtensibilityGlobals) = postSolution
		SolutionGuid = {F3A3FB69-1467-4CBE-95CD-0B5320F09D21}
	EndGlobalSection
EndGlobal
